
Microsoft Visual Studio Solution File, Format Version 12.00
# Visual Studio 15
VisualStudioVersion = 15.0.26730.12
MinimumVisualStudioVersion = 10.0.40219.1
Project("{FAE04EC0-301F-11D3-BF4B-00C04F79EFBC}") = "RocaTest", "RocaTest\RocaTest.csproj", "{138AFECC-AB56-4ACD-81F6-494CFE98BFBB}"
EndProject
Global
	GlobalSection(SolutionConfigurationPlatforms) = preSolution
		Debug|Any CPU = Debug|Any CPU
		Release|Any CPU = Release|Any CPU
	EndGlobalSection
	GlobalSection(ProjectConfigurationPlatforms) = postSolution
		{138AFECC-AB56-4ACD-81F6-494CFE98BFBB}.Debug|Any CPU.ActiveCfg = Debug|Any CPU
		{138AFECC-AB56-4ACD-81F6-494CFE98BFBB}.Debug|Any CPU.Build.0 = Debug|Any CPU
		{138AFECC-AB56-4ACD-81F6-494CFE98BFBB}.Release|Any CPU.ActiveCfg = Release|Any CPU
		{138AFECC-AB56-4ACD-81F6-494CFE98BFBB}.Release|Any CPU.Build.0 = Release|Any CPU
	EndGlobalSection
	GlobalSection(SolutionProperties) = preSolution
		HideSolutionNode = FALSE
	EndGlobalSection
	GlobalSection(ExtensibilityGlobals) = postSolution
		SolutionGuid = {0F289EFD-BA30-45A5-8A68-D1B0191DB0F8}
	EndGlobalSection
EndGlobal
